
Microsoft Visual Studio Solution File, Format Version 12.00
# Visual Studio 14
VisualStudioVersion = 14.0.25420.1
MinimumVisualStudioVersion = 10.0.40219.1
Project("{FAE04EC0-301F-11D3-BF4B-00C04F79EFBC}") = "PrismTest2", "PrismTest2\PrismTest2.csproj", "{99C9E82C-C594-446D-AA59-8FFBC43AD226}"
EndProject
Project("{FAE04EC0-301F-11D3-BF4B-00C04F79EFBC}") = "FolderSelection", "FolderSelection\FolderSelection.csproj", "{AB8B448C-DD74-4D60-A041-3E5D03A32180}"
EndProject
Project("{FAE04EC0-301F-11D3-BF4B-00C04F79EFBC}") = "DialogService", "DialogService\DialogService.csproj", "{63C14F2C-C693-48FE-85B1-57C60BEE1258}"
EndProject
Project("{FAE04EC0-301F-11D3-BF4B-00C04F79EFBC}") = "ImageDisplay", "ImageDisplay\ImageDisplay.csproj", "{3033FEEC-0500-4BAE-9971-7E11121368DB}"
EndProject
Project("{FAE04EC0-301F-11D3-BF4B-00C04F79EFBC}") = "Event", "Event\Event.csproj", "{E0B7E0E2-244A-42BA-9ECF-71B529C2B5BF}"
EndProject
Global
	GlobalSection(SolutionConfigurationPlatforms) = preSolution
		Debug|Any CPU = Debug|Any CPU
		Release|Any CPU = Release|Any CPU
	EndGlobalSection
	GlobalSection(ProjectConfigurationPlatforms) = postSolution
		{99C9E82C-C594-446D-AA59-8FFBC43AD226}.Debug|Any CPU.ActiveCfg = Debug|Any CPU
		{99C9E82C-C594-446D-AA59-8FFBC43AD226}.Debug|Any CPU.Build.0 = Debug|Any CPU
		{99C9E82C-C594-446D-AA59-8FFBC43AD226}.Release|Any CPU.ActiveCfg = Release|Any CPU
		{99C9E82C-C594-446D-AA59-8FFBC43AD226}.Release|Any CPU.Build.0 = Release|Any CPU
		{AB8B448C-DD74-4D60-A041-3E5D03A32180}.Debug|Any CPU.ActiveCfg = Debug|Any CPU
		{AB8B448C-DD74-4D60-A041-3E5D03A32180}.Debug|Any CPU.Build.0 = Debug|Any CPU
		{AB8B448C-DD74-4D60-A041-3E5D03A32180}.Release|Any CPU.ActiveCfg = Release|Any CPU
		{AB8B448C-DD74-4D60-A041-3E5D03A32180}.Release|Any CPU.Build.0 = Release|Any CPU
		{63C14F2C-C693-48FE-85B1-57C60BEE1258}.Debug|Any CPU.ActiveCfg = Debug|Any CPU
		{63C14F2C-C693-48FE-85B1-57C60BEE1258}.Debug|Any CPU.Build.0 = Debug|Any CPU
		{63C14F2C-C693-48FE-85B1-57C60BEE1258}.Release|Any CPU.ActiveCfg = Release|Any CPU
		{63C14F2C-C693-48FE-85B1-57C60BEE1258}.Release|Any CPU.Build.0 = Release|Any CPU
		{3033FEEC-0500-4BAE-9971-7E11121368DB}.Debug|Any CPU.ActiveCfg = Debug|Any CPU
		{3033FEEC-0500-4BAE-9971-7E11121368DB}.Debug|Any CPU.Build.0 = Debug|Any CPU
		{3033FEEC-0500-4BAE-9971-7E11121368DB}.Release|Any CPU.ActiveCfg = Release|Any CPU
		{3033FEEC-0500-4BAE-9971-7E11121368DB}.Release|Any CPU.Build.0 = Release|Any CPU
		{E0B7E0E2-244A-42BA-9ECF-71B529C2B5BF}.Debug|Any CPU.ActiveCfg = Debug|Any CPU
		{E0B7E0E2-244A-42BA-9ECF-71B529C2B5BF}.Debug|Any CPU.Build.0 = Debug|Any CPU
		{E0B7E0E2-244A-42BA-9ECF-71B529C2B5BF}.Release|Any CPU.ActiveCfg = Release|Any CPU
		{E0B7E0E2-244A-42BA-9ECF-71B529C2B5BF}.Release|Any CPU.Build.0 = Release|Any CPU
	EndGlobalSection
	GlobalSection(SolutionProperties) = preSolution
		HideSolutionNode = FALSE
	EndGlobalSection
EndGlobal
